
Microsoft Visual Studio Solution File, Format Version 12.00
# Visual Studio Version 17
VisualStudioVersion = 17.10.35013.160
MinimumVisualStudioVersion = 10.0.40219.1
Project("{FAE04EC0-301F-11D3-BF4B-00C04F79EFBC}") = "PostmanAndC#", "PostmanAndC#\PostmanAndC#.csproj", "{18C3814C-FB71-437E-9BC8-CAB18327AFDA}"
EndProject
Global
	GlobalSection(SolutionConfigurationPlatforms) = preSolution
		Debug|Any CPU = Debug|Any CPU
		Release|Any CPU = Release|Any CPU
	EndGlobalSection
	GlobalSection(ProjectConfigurationPlatforms) = postSolution
		{18C3814C-FB71-437E-9BC8-CAB18327AFDA}.Debug|Any CPU.ActiveCfg = Debug|Any CPU
		{18C3814C-FB71-437E-9BC8-CAB18327AFDA}.Debug|Any CPU.Build.0 = Debug|Any CPU
		{18C3814C-FB71-437E-9BC8-CAB18327AFDA}.Release|Any CPU.ActiveCfg = Release|Any CPU
		{18C3814C-FB71-437E-9BC8-CAB18327AFDA}.Release|Any CPU.Build.0 = Release|Any CPU
	EndGlobalSection
	GlobalSection(SolutionProperties) = preSolution
		HideSolutionNode = FALSE
	EndGlobalSection
	GlobalSection(ExtensibilityGlobals) = postSolution
		SolutionGuid = {48F72A3C-C90F-4E81-9F9B-8057D652F64A}
	EndGlobalSection
EndGlobal
